
Microsoft Visual Studio Solution File, Format Version 12.00
# Visual Studio Version 17
VisualStudioVersion = 17.5.002.0
MinimumVisualStudioVersion = 10.0.40219.1
Project("{9A19103F-16F7-4668-BE54-9A1E7A4F7556}") = "ApiEfProject", "ApiEfProject.csproj", "{E67D5C1B-34D7-4032-B63A-3F94A93BD348}"
EndProject
Global
	GlobalSection(SolutionConfigurationPlatforms) = preSolution
		Debug|Any CPU = Debug|Any CPU
		Release|Any CPU = Release|Any CPU
	EndGlobalSection
	GlobalSection(ProjectConfigurationPlatforms) = postSolution
		{E67D5C1B-34D7-4032-B63A-3F94A93BD348}.Debug|Any CPU.ActiveCfg = Debug|Any CPU
		{E67D5C1B-34D7-4032-B63A-3F94A93BD348}.Debug|Any CPU.Build.0 = Debug|Any CPU
		{E67D5C1B-34D7-4032-B63A-3F94A93BD348}.Release|Any CPU.ActiveCfg = Release|Any CPU
		{E67D5C1B-34D7-4032-B63A-3F94A93BD348}.Release|Any CPU.Build.0 = Release|Any CPU
	EndGlobalSection
	GlobalSection(SolutionProperties) = preSolution
		HideSolutionNode = FALSE
	EndGlobalSection
	GlobalSection(ExtensibilityGlobals) = postSolution
		SolutionGuid = {C90AE364-9F59-4554-AFA8-A42EF09BDC80}
	EndGlobalSection
EndGlobal
